// !$*UTF8*$!
{
	archiveVersion = 1;
	classes = {
	};
	objectVersion = 46;
	objects = {

/* Begin PBXBuildFile section */
		231D85041EC1C00600D991FD /* AppDetailViewController.swift in Sources */ = {isa = PBXBuildFile; fileRef = 231D85021EC1C00600D991FD /* AppDetailViewController.swift */; };
		231D85051EC1C00600D991FD /* AppDetailViewController.xib in Resources */ = {isa = PBXBuildFile; fileRef = 231D85031EC1C00600D991FD /* AppDetailViewController.xib */; };
		232D18891EC06E97000F23BB /* AppItemCell.swift in Sources */ = {isa = PBXBuildFile; fileRef = 232D18871EC06E97000F23BB /* AppItemCell.swift */; };
		232D188A1EC06E97000F23BB /* AppItemCell.xib in Resources */ = {isa = PBXBuildFile; fileRef = 232D18881EC06E97000F23BB /* AppItemCell.xib */; };
		233794141EBAF959006A7DD4 /* AppDelegate.swift in Sources */ = {isa = PBXBuildFile; fileRef = 233794131EBAF959006A7DD4 /* AppDelegate.swift */; };
		233794321EBAFB61006A7DD4 /* Assets.xcassets in Resources */ = {isa = PBXBuildFile; fileRef = 2337942A1EBAFB61006A7DD4 /* Assets.xcassets */; };
		233794331EBAFB61006A7DD4 /* LaunchScreen.storyboard in Resources */ = {isa = PBXBuildFile; fileRef = 2337942B1EBAFB61006A7DD4 /* LaunchScreen.storyboard */; };
		233794341EBAFB61006A7DD4 /* Main.storyboard in Resources */ = {isa = PBXBuildFile; fileRef = 2337942D1EBAFB61006A7DD4 /* Main.storyboard */; };
		233794371EBAFFF6006A7DD4 /* BaseViewController.swift in Sources */ = {isa = PBXBuildFile; fileRef = 233794361EBAFFF6006A7DD4 /* BaseViewController.swift */; };
		233794391EBB02D6006A7DD4 /* HomePageViewController.swift in Sources */ = {isa = PBXBuildFile; fileRef = 233794381EBB02D6006A7DD4 /* HomePageViewController.swift */; };
		2337943B1EBB054C006A7DD4 /* MLNavigationController.swift in Sources */ = {isa = PBXBuildFile; fileRef = 2337943A1EBB054C006A7DD4 /* MLNavigationController.swift */; };
		23494E0C1EC2E8D20095E092 /* HistoryVersionTableViewCell.swift in Sources */ = {isa = PBXBuildFile; fileRef = 23494E0A1EC2E8D20095E092 /* HistoryVersionTableViewCell.swift */; };
		23494E0D1EC2E8D20095E092 /* HistoryVersionTableViewCell.xib in Resources */ = {isa = PBXBuildFile; fileRef = 23494E0B1EC2E8D20095E092 /* HistoryVersionTableViewCell.xib */; };
		2394F7FE1EC0085D005DA9B9 /* ApiService.swift in Sources */ = {isa = PBXBuildFile; fileRef = 2394F7FD1EC0085D005DA9B9 /* ApiService.swift */; };
		2394F8021EC01690005DA9B9 /* AppItem.swift in Sources */ = {isa = PBXBuildFile; fileRef = 2394F8011EC01690005DA9B9 /* AppItem.swift */; };
		2394F8041EC016D2005DA9B9 /* BaseBean.swift in Sources */ = {isa = PBXBuildFile; fileRef = 2394F8031EC016D2005DA9B9 /* BaseBean.swift */; };
		5609F176BB6215A5DA649323 /* Pods_swiftDemo.framework in Frameworks */ = {isa = PBXBuildFile; fileRef = 982272272F221315AE664773 /* Pods_swiftDemo.framework */; };
/* End PBXBuildFile section */

/* Begin PBXFileReference section */
		231D85021EC1C00600D991FD /* AppDetailViewController.swift */ = {isa = PBXFileReference; fileEncoding = 4; lastKnownFileType = sourcecode.swift; path = AppDetailViewController.swift; sourceTree = "<group>"; };
		231D85031EC1C00600D991FD /* AppDetailViewController.xib */ = {isa = PBXFileReference; fileEncoding = 4; lastKnownFileType = file.xib; path = AppDetailViewController.xib; sourceTree = "<group>"; };
		232D18871EC06E97000F23BB /* AppItemCell.swift */ = {isa = PBXFileReference; fileEncoding = 4; lastKnownFileType = sourcecode.swift; path = AppItemCell.swift; sourceTree = "<group>"; };
		232D18881EC06E97000F23BB /* AppItemCell.xib */ = {isa = PBXFileReference; fileEncoding = 4; lastKnownFileType = file.xib; path = AppItemCell.xib; sourceTree = "<group>"; };
		233794101EBAF959006A7DD4 /* swiftDemo.app */ = {isa = PBXFileReference; explicitFileType = wrapper.application; includeInIndex = 0; path = swiftDemo.app; sourceTree = BUILT_PRODUCTS_DIR; };
		233794131EBAF959006A7DD4 /* AppDelegate.swift */ = {isa = PBXFileReference; lastKnownFileType = sourcecode.swift; path = AppDelegate.swift; sourceTree = "<group>"; };
		2337942A1EBAFB61006A7DD4 /* Assets.xcassets */ = {isa = PBXFileReference; lastKnownFileType = folder.assetcatalog; path = Assets.xcassets; sourceTree = "<group>"; };
		2337942C1EBAFB61006A7DD4 /* Base */ = {isa = PBXFileReference; lastKnownFileType = file.storyboard; name = Base; path = Base.lproj/LaunchScreen.storyboard; sourceTree = "<group>"; };
		2337942E1EBAFB61006A7DD4 /* Base */ = {isa = PBXFileReference; lastKnownFileType = file.storyboard; name = Base; path = Base.lproj/Main.storyboard; sourceTree = "<group>"; };
		2337942F1EBAFB61006A7DD4 /* Info.plist */ = {isa = PBXFileReference; fileEncoding = 4; lastKnownFileType = text.plist.xml; path = Info.plist; sourceTree = "<group>"; };
		233794361EBAFFF6006A7DD4 /* BaseViewController.swift */ = {isa = PBXFileReference; fileEncoding = 4; lastKnownFileType = sourcecode.swift; path = BaseViewController.swift; sourceTree = "<group>"; };
		233794381EBB02D6006A7DD4 /* HomePageViewController.swift */ = {isa = PBXFileReference; fileEncoding = 4; lastKnownFileType = sourcecode.swift; path = HomePageViewController.swift; sourceTree = "<group>"; };
		2337943A1EBB054C006A7DD4 /* MLNavigationController.swift */ = {isa = PBXFileReference; fileEncoding = 4; lastKnownFileType = sourcecode.swift; path = MLNavigationController.swift; sourceTree = "<group>"; };
		23494E0A1EC2E8D20095E092 /* HistoryVersionTableViewCell.swift */ = {isa = PBXFileReference; fileEncoding = 4; lastKnownFileType = sourcecode.swift; path = HistoryVersionTableViewCell.swift; sourceTree = "<group>"; };
		23494E0B1EC2E8D20095E092 /* HistoryVersionTableViewCell.xib */ = {isa = PBXFileReference; fileEncoding = 4; lastKnownFileType = file.xib; path = HistoryVersionTableViewCell.xib; sourceTree = "<group>"; };
		2394F7FD1EC0085D005DA9B9 /* ApiService.swift */ = {isa = PBXFileReference; fileEncoding = 4; lastKnownFileType = sourcecode.swift; path = ApiService.swift; sourceTree = "<group>"; };
		2394F8011EC01690005DA9B9 /* AppItem.swift */ = {isa = PBXFileReference; fileEncoding = 4; lastKnownFileType = sourcecode.swift; path = AppItem.swift; sourceTree = "<group>"; };
		2394F8031EC016D2005DA9B9 /* BaseBean.swift */ = {isa = PBXFileReference; fileEncoding = 4; lastKnownFileType = sourcecode.swift; path = BaseBean.swift; sourceTree = "<group>"; };
		7D916D426836F54A5AE8449D /* Pods-swiftDemo.debug.xcconfig */ = {isa = PBXFileReference; includeInIndex = 1; lastKnownFileType = text.xcconfig; name = "Pods-swiftDemo.debug.xcconfig"; path = "Pods/Target Support Files/Pods-swiftDemo/Pods-swiftDemo.debug.xcconfig"; sourceTree = "<group>"; };
		86A13D8C881537EE438D5B24 /* Pods-swiftDemo.release.xcconfig */ = {isa = PBXFileReference; includeInIndex = 1; lastKnownFileType = text.xcconfig; name = "Pods-swiftDemo.release.xcconfig"; path = "Pods/Target Support Files/Pods-swiftDemo/Pods-swiftDemo.release.xcconfig"; sourceTree = "<group>"; };
		982272272F221315AE664773 /* Pods_swiftDemo.framework */ = {isa = PBXFileReference; explicitFileType = wrapper.framework; includeInIndex = 0; path = Pods_swiftDemo.framework; sourceTree = BUILT_PRODUCTS_DIR; };
/* End PBXFileReference section */

/* Begin PBXFrameworksBuildPhase section */
		2337940D1EBAF959006A7DD4 /* Frameworks */ = {
			isa = PBXFrameworksBuildPhase;
			buildActionMask = 2147483647;
			files = (
				5609F176BB6215A5DA649323 /* Pods_swiftDemo.framework in Frameworks */,
			);
			runOnlyForDeploymentPostprocessing = 0;
		};
/* End PBXFrameworksBuildPhase section */

/* Begin PBXGroup section */
		233794071EBAF959006A7DD4 = {
			isa = PBXGroup;
			children = (
				233794121EBAF959006A7DD4 /* swiftDemo */,
				233794111EBAF959006A7DD4 /* Products */,
				39EA81A2D52A66F99345CC69 /* Pods */,
				AB7448D3E1DA3E100195A792 /* Frameworks */,
			);
			sourceTree = "<group>";
		};
		233794111EBAF959006A7DD4 /* Products */ = {
			isa = PBXGroup;
			children = (
				233794101EBAF959006A7DD4 /* swiftDemo.app */,
			);
			name = Products;
			sourceTree = "<group>";
		};
		233794121EBAF959006A7DD4 /* swiftDemo */ = {
			isa = PBXGroup;
			children = (
				233794131EBAF959006A7DD4 /* AppDelegate.swift */,
				233794251EBAFB61006A7DD4 /* Controller */,
				233794271EBAFB61006A7DD4 /* Model */,
				233794281EBAFB61006A7DD4 /* NetManager */,
				233794301EBAFB61006A7DD4 /* View */,
				233794291EBAFB61006A7DD4 /* Others */,
			);
			path = swiftDemo;
			sourceTree = "<group>";
		};
		233794251EBAFB61006A7DD4 /* Controller */ = {
			isa = PBXGroup;
			children = (
				233794361EBAFFF6006A7DD4 /* BaseViewController.swift */,
				2337943A1EBB054C006A7DD4 /* MLNavigationController.swift */,
				233794381EBB02D6006A7DD4 /* HomePageViewController.swift */,
				231D85021EC1C00600D991FD /* AppDetailViewController.swift */,
				231D85031EC1C00600D991FD /* AppDetailViewController.xib */,
			);
			path = Controller;
			sourceTree = "<group>";
		};
		233794271EBAFB61006A7DD4 /* Model */ = {
			isa = PBXGroup;
			children = (
				2394F8031EC016D2005DA9B9 /* BaseBean.swift */,
				2394F8011EC01690005DA9B9 /* AppItem.swift */,
			);
			path = Model;
			sourceTree = "<group>";
		};
		233794281EBAFB61006A7DD4 /* NetManager */ = {
			isa = PBXGroup;
			children = (
				2394F7FD1EC0085D005DA9B9 /* ApiService.swift */,
			);
			path = NetManager;
			sourceTree = "<group>";
		};
		233794291EBAFB61006A7DD4 /* Others */ = {
			isa = PBXGroup;
			children = (
				2337942A1EBAFB61006A7DD4 /* Assets.xcassets */,
				2337942B1EBAFB61006A7DD4 /* LaunchScreen.storyboard */,
				2337942D1EBAFB61006A7DD4 /* Main.storyboard */,
				2337942F1EBAFB61006A7DD4 /* Info.plist */,
			);
			path = Others;
			sourceTree = "<group>";
		};
		233794301EBAFB61006A7DD4 /* View */ = {
			isa = PBXGroup;
			children = (
				232D18871EC06E97000F23BB /* AppItemCell.swift */,
				232D18881EC06E97000F23BB /* AppItemCell.xib */,
				23494E0A1EC2E8D20095E092 /* HistoryVersionTableViewCell.swift */,
				23494E0B1EC2E8D20095E092 /* HistoryVersionTableViewCell.xib */,
			);
			path = View;
			sourceTree = "<group>";
		};
		39EA81A2D52A66F99345CC69 /* Pods */ = {
			isa = PBXGroup;
			children = (
				7D916D426836F54A5AE8449D /* Pods-swiftDemo.debug.xcconfig */,
				86A13D8C881537EE438D5B24 /* Pods-swiftDemo.release.xcconfig */,
			);
			name = Pods;
			sourceTree = "<group>";
		};
		AB7448D3E1DA3E100195A792 /* Frameworks */ = {
			isa = PBXGroup;
			children = (
				982272272F221315AE664773 /* Pods_swiftDemo.framework */,
			);
			name = Frameworks;
			sourceTree = "<group>";
		};
/* End PBXGroup section */

/* Begin PBXNativeTarget section */
		2337940F1EBAF959006A7DD4 /* swiftDemo */ = {
			isa = PBXNativeTarget;
			buildConfigurationList = 233794221EBAF959006A7DD4 /* Build configuration list for PBXNativeTarget "swiftDemo" */;
			buildPhases = (
				5FB57FB4F9E8D4E22E58E76F /* [CP] Check Pods Manifest.lock */,
				2337940C1EBAF959006A7DD4 /* Sources */,
				2337940D1EBAF959006A7DD4 /* Frameworks */,
				2337940E1EBAF959006A7DD4 /* Resources */,
				B9BFDBCFB531183968D63669 /* [CP] Embed Pods Frameworks */,
				39FDD725CFCB43698679C6A2 /* [CP] Copy Pods Resources */,
			);
			buildRules = (
			);
			dependencies = (
			);
			name = swiftDemo;
			productName = swiftDemo;
			productReference = 233794101EBAF959006A7DD4 /* swiftDemo.app */;
			productType = "com.apple.product-type.application";
		};
/* End PBXNativeTarget section */

/* Begin PBXProject section */
		233794081EBAF959006A7DD4 /* Project object */ = {
			isa = PBXProject;
			attributes = {
				LastSwiftUpdateCheck = 0830;
				LastUpgradeCheck = 0830;
				ORGANIZATIONNAME = SunFit;
				TargetAttributes = {
					2337940F1EBAF959006A7DD4 = {
						CreatedOnToolsVersion = 8.3.1;
						ProvisioningStyle = Manual;
					};
				};
			};
			buildConfigurationList = 2337940B1EBAF959006A7DD4 /* Build configuration list for PBXProject "swiftDemo" */;
			compatibilityVersion = "Xcode 3.2";
			developmentRegion = English;
			hasScannedForEncodings = 0;
			knownRegions = (
				en,
				Base,
			);
			mainGroup = 233794071EBAF959006A7DD4;
			productRefGroup = 233794111EBAF959006A7DD4 /* Products */;
			projectDirPath = "";
			projectRoot = "";
			targets = (
				2337940F1EBAF959006A7DD4 /* swiftDemo */,
			);
		};
/* End PBXProject section */

/* Begin PBXResourcesBuildPhase section */
		2337940E1EBAF959006A7DD4 /* Resources */ = {
			isa = PBXResourcesBuildPhase;
			buildActionMask = 2147483647;
			files = (
				231D85051EC1C00600D991FD /* AppDetailViewController.xib in Resources */,
				232D188A1EC06E97000F23BB /* AppItemCell.xib in Resources */,
				233794321EBAFB61006A7DD4 /* Assets.xcassets in Resources */,
				23494E0D1EC2E8D20095E092 /* HistoryVersionTableViewCell.xib in Resources */,
				233794341EBAFB61006A7DD4 /* Main.storyboard in Resources */,
				233794331EBAFB61006A7DD4 /* LaunchScreen.storyboard in Resources */,
			);
			runOnlyForDeploymentPostprocessing = 0;
		};
/* End PBXResourcesBuildPhase section */

/* Begin PBXShellScriptBuildPhase section */
		39FDD725CFCB43698679C6A2 /* [CP] Copy Pods Resources */ = {
			isa = PBXShellScriptBuildPhase;
			buildActionMask = 2147483647;
			files = (
			);
			inputPaths = (
			);
			name = "[CP] Copy Pods Resources";
			outputPaths = (
			);
			runOnlyForDeploymentPostprocessing = 0;
			shellPath = /bin/sh;
			shellScript = "\"${SRCROOT}/Pods/Target Support Files/Pods-swiftDemo/Pods-swiftDemo-resources.sh\"\n";
			showEnvVarsInLog = 0;
		};
		5FB57FB4F9E8D4E22E58E76F /* [CP] Check Pods Manifest.lock */ = {
			isa = PBXShellScriptBuildPhase;
			buildActionMask = 2147483647;
			files = (
			);
			inputPaths = (
			);
			name = "[CP] Check Pods Manifest.lock";
			outputPaths = (
			);
			runOnlyForDeploymentPostprocessing = 0;
			shellPath = /bin/sh;
			shellScript = "diff \"${PODS_PODFILE_DIR_PATH}/Podfile.lock\" \"${PODS_ROOT}/Manifest.lock\" > /dev/null\nif [ $? != 0 ] ; then\n    # print error to STDERR\n    echo \"error: The sandbox is not in sync with the Podfile.lock. Run 'pod install' or update your CocoaPods installation.\" >&2\n    exit 1\nfi\n";
			showEnvVarsInLog = 0;
		};
		B9BFDBCFB531183968D63669 /* [CP] Embed Pods Frameworks */ = {
			isa = PBXShellScriptBuildPhase;
			buildActionMask = 2147483647;
			files = (
			);
			inputPaths = (
			);
			name = "[CP] Embed Pods Frameworks";
			outputPaths = (
			);
			runOnlyForDeploymentPostprocessing = 0;
			shellPath = /bin/sh;
			shellScript = "\"${SRCROOT}/Pods/Target Support Files/Pods-swiftDemo/Pods-swiftDemo-frameworks.sh\"\n";
			showEnvVarsInLog = 0;
		};
/* End PBXShellScriptBuildPhase section */

/* Begin PBXSourcesBuildPhase section */
		2337940C1EBAF959006A7DD4 /* Sources */ = {
			isa = PBXSourcesBuildPhase;
			buildActionMask = 2147483647;
			files = (
				231D85041EC1C00600D991FD /* AppDetailViewController.swift in Sources */,
				2337943B1EBB054C006A7DD4 /* MLNavigationController.swift in Sources */,
				233794391EBB02D6006A7DD4 /* HomePageViewController.swift in Sources */,
				2394F8041EC016D2005DA9B9 /* BaseBean.swift in Sources */,
				232D18891EC06E97000F23BB /* AppItemCell.swift in Sources */,
				2394F8021EC01690005DA9B9 /* AppItem.swift in Sources */,
				2394F7FE1EC0085D005DA9B9 /* ApiService.swift in Sources */,
				233794141EBAF959006A7DD4 /* AppDelegate.swift in Sources */,
				233794371EBAFFF6006A7DD4 /* BaseViewController.swift in Sources */,
				23494E0C1EC2E8D20095E092 /* HistoryVersionTableViewCell.swift in Sources */,
			);
			runOnlyForDeploymentPostprocessing = 0;
		};
/* End PBXSourcesBuildPhase section */

/* Begin PBXVariantGroup section */
		2337942B1EBAFB61006A7DD4 /* LaunchScreen.storyboard */ = {
			isa = PBXVariantGroup;
			children = (
				2337942C1EBAFB61006A7DD4 /* Base */,
			);
			name = LaunchScreen.storyboard;
			sourceTree = "<group>";
		};
		2337942D1EBAFB61006A7DD4 /* Main.storyboard */ = {
			isa = PBXVariantGroup;
			children = (
				2337942E1EBAFB61006A7DD4 /* Base */,
			);
			name = Main.storyboard;
			sourceTree = "<group>";
		};
/* End PBXVariantGroup section */

/* Begin XCBuildConfiguration section */
		233794201EBAF959006A7DD4 /* Debug */ = {
			isa = XCBuildConfiguration;
			buildSettings = {
				ALWAYS_SEARCH_USER_PATHS = NO;
				CLANG_ANALYZER_NONNULL = YES;
				CLANG_ANALYZER_NUMBER_OBJECT_CONVERSION = YES_AGGRESSIVE;
				CLANG_CXX_LANGUAGE_STANDARD = "gnu++0x";
				CLANG_CXX_LIBRARY = "libc++";
				CLANG_ENABLE_MODULES = YES;
				CLANG_ENABLE_OBJC_ARC = YES;
				CLANG_WARN_BOOL_CONVERSION = YES;
				CLANG_WARN_CONSTANT_CONVERSION = YES;
				CLANG_WARN_DIRECT_OBJC_ISA_USAGE = YES_ERROR;
				CLANG_WARN_DOCUMENTATION_COMMENTS = YES;
				CLANG_WARN_EMPTY_BODY = YES;
				CLANG_WARN_ENUM_CONVERSION = YES;
				CLANG_WARN_INFINITE_RECURSION = YES;
				CLANG_WARN_INT_CONVERSION = YES;
				CLANG_WARN_OBJC_ROOT_CLASS = YES_ERROR;
				CLANG_WARN_SUSPICIOUS_MOVE = YES;
				CLANG_WARN_UNREACHABLE_CODE = YES;
				CLANG_WARN__DUPLICATE_METHOD_MATCH = YES;
				"CODE_SIGN_IDENTITY[sdk=iphoneos*]" = "iPhone Developer";
				COPY_PHASE_STRIP = NO;
				DEBUG_INFORMATION_FORMAT = dwarf;
				ENABLE_STRICT_OBJC_MSGSEND = YES;
				ENABLE_TESTABILITY = YES;
				GCC_C_LANGUAGE_STANDARD = gnu99;
				GCC_DYNAMIC_NO_PIC = NO;
				GCC_NO_COMMON_BLOCKS = YES;
				GCC_OPTIMIZATION_LEVEL = 0;
				GCC_PREPROCESSOR_DEFINITIONS = (
					"DEBUG=1",
					"$(inherited)",
				);
				GCC_WARN_64_TO_32_BIT_CONVERSION = YES;
				GCC_WARN_ABOUT_RETURN_TYPE = YES_ERROR;
				GCC_WARN_UNDECLARED_SELECTOR = YES;
				GCC_WARN_UNINITIALIZED_AUTOS = YES_AGGRESSIVE;
				GCC_WARN_UNUSED_FUNCTION = YES;
				GCC_WARN_UNUSED_VARIABLE = YES;
				IPHONEOS_DEPLOYMENT_TARGET = 10.3;
				MTL_ENABLE_DEBUG_INFO = YES;
				ONLY_ACTIVE_ARCH = YES;
				SDKROOT = iphoneos;
				SWIFT_ACTIVE_COMPILATION_CONDITIONS = DEBUG;
				SWIFT_OPTIMIZATION_LEVEL = "-Onone";
			};
			name = Debug;
		};
		233794211EBAF959006A7DD4 /* Release */ = {
			isa = XCBuildConfiguration;
			buildSettings = {
				ALWAYS_SEARCH_USER_PATHS = NO;
				CLANG_ANALYZER_NONNULL = YES;
				CLANG_ANALYZER_NUMBER_OBJECT_CONVERSION = YES_AGGRESSIVE;
				CLANG_CXX_LANGUAGE_STANDARD = "gnu++0x";
				CLANG_CXX_LIBRARY = "libc++";
				CLANG_ENABLE_MODULES = YES;
				CLANG_ENABLE_OBJC_ARC = YES;
				CLANG_WARN_BOOL_CONVERSION = YES;
				CLANG_WARN_CONSTANT_CONVERSION = YES;
				CLANG_WARN_DIRECT_OBJC_ISA_USAGE = YES_ERROR;
				CLANG_WARN_DOCUMENTATION_COMMENTS = YES;
				CLANG_WARN_EMPTY_BODY = YES;
				CLANG_WARN_ENUM_CONVERSION = YES;
				CLANG_WARN_INFINITE_RECURSION = YES;
				CLANG_WARN_INT_CONVERSION = YES;
				CLANG_WARN_OBJC_ROOT_CLASS = YES_ERROR;
				CLANG_WARN_SUSPICIOUS_MOVE = YES;
				CLANG_WARN_UNREACHABLE_CODE = YES;
				CLANG_WARN__DUPLICATE_METHOD_MATCH = YES;
				"CODE_SIGN_IDENTITY[sdk=iphoneos*]" = "iPhone Developer";
				COPY_PHASE_STRIP = NO;
				DEBUG_INFORMATION_FORMAT = "dwarf-with-dsym";
				ENABLE_NS_ASSERTIONS = NO;
				ENABLE_STRICT_OBJC_MSGSEND = YES;
				GCC_C_LANGUAGE_STANDARD = gnu99;
				GCC_NO_COMMON_BLOCKS = YES;
				GCC_WARN_64_TO_32_BIT_CONVERSION = YES;
				GCC_WARN_ABOUT_RETURN_TYPE = YES_ERROR;
				GCC_WARN_UNDECLARED_SELECTOR = YES;
				GCC_WARN_UNINITIALIZED_AUTOS = YES_AGGRESSIVE;
				GCC_WARN_UNUSED_FUNCTION = YES;
				GCC_WARN_UNUSED_VARIABLE = YES;
				IPHONEOS_DEPLOYMENT_TARGET = 10.3;
				MTL_ENABLE_DEBUG_INFO = NO;
				SDKROOT = iphoneos;
				SWIFT_OPTIMIZATION_LEVEL = "-Owholemodule";
				VALIDATE_PRODUCT = YES;
			};
			name = Release;
		};
		233794231EBAF959006A7DD4 /* Debug */ = {
			isa = XCBuildConfiguration;
			baseConfigurationReference = 7D916D426836F54A5AE8449D /* Pods-swiftDemo.debug.xcconfig */;
			buildSettings = {
				ASSETCATALOG_COMPILER_APPICON_NAME = AppIcon;
				DEVELOPMENT_TEAM = "";
				INFOPLIST_FILE = "$(SRCROOT)/swiftDemo/Others/Info.plist";
				IPHONEOS_DEPLOYMENT_TARGET = 8.0;
				LD_RUNPATH_SEARCH_PATHS = "$(inherited) @executable_path/Frameworks";
				PRODUCT_BUNDLE_IDENTIFIER = cn.sunfit.swiftDemo;
				PRODUCT_NAME = "$(TARGET_NAME)";
				PROVISIONING_PROFILE_SPECIFIER = "";
				SWIFT_VERSION = 3.0;
			};
			name = Debug;
		};
		233794241EBAF959006A7DD4 /* Release */ = {
			isa = XCBuildConfiguration;
			baseConfigurationReference = 86A13D8C881537EE438D5B24 /* Pods-swiftDemo.release.xcconfig */;
			buildSettings = {
				ASSETCATALOG_COMPILER_APPICON_NAME = AppIcon;
				DEVELOPMENT_TEAM = "";
				INFOPLIST_FILE = "$(SRCROOT)/swiftDemo/Others/Info.plist";
				IPHONEOS_DEPLOYMENT_TARGET = 8.0;
				LD_RUNPATH_SEARCH_PATHS = "$(inherited) @executable_path/Frameworks";
				PRODUCT_BUNDLE_IDENTIFIER = cn.sunfit.swiftDemo;
				PRODUCT_NAME = "$(TARGET_NAME)";
				PROVISIONING_PROFILE_SPECIFIER = "";
				SWIFT_VERSION = 3.0;
			};
			name = Release;
		};
/* End XCBuildConfiguration section */

/* Begin XCConfigurationList section */
		2337940B1EBAF959006A7DD4 /* Build configuration list for PBXProject "swiftDemo" */ = {
			isa = XCConfigurationList;
			buildConfigurations = (
				233794201EBAF959006A7DD4 /* Debug */,
				233794211EBAF959006A7DD4 /* Release */,
			);
			defaultConfigurationIsVisible = 0;
			defaultConfigurationName = Release;
		};
		233794221EBAF959006A7DD4 /* Build configuration list for PBXNativeTarget "swiftDemo" */ = {
			isa = XCConfigurationList;
			buildConfigurations = (
				233794231EBAF959006A7DD4 /* Debug */,
				233794241EBAF959006A7DD4 /* Release */,
			);
			defaultConfigurationIsVisible = 0;
			defaultConfigurationName = Release;
		};
/* End XCConfigurationList section */
	};
	rootObject = 233794081EBAF959006A7DD4 /* Project object */;
}
